// !$*UTF8*$!
{
	archiveVersion = 1;
	classes = {
	};
	objectVersion = 77;
	objects = {

/* Begin PBXBuildFile section */
		7355DC792D764564003260C8 /* FirebaseAuth in Frameworks */ = {isa = PBXBuildFile; productRef = 7355DC782D764564003260C8 /* FirebaseAuth */; };
		7355DC7B2D764564003260C8 /* FirebaseAuthCombine-Community in Frameworks */ = {isa = PBXBuildFile; productRef = 7355DC7A2D764564003260C8 /* FirebaseAuthCombine-Community */; };
		7355DC7D2D764564003260C8 /* FirebaseCore in Frameworks */ = {isa = PBXBuildFile; productRef = 7355DC7C2D764564003260C8 /* FirebaseCore */; };
		7355DC7F2D764564003260C8 /* FirebaseDatabase in Frameworks */ = {isa = PBXBuildFile; productRef = 7355DC7E2D764564003260C8 /* FirebaseDatabase */; };
		7355DC812D764564003260C8 /* FirebaseFirestore in Frameworks */ = {isa = PBXBuildFile; productRef = 7355DC802D764564003260C8 /* FirebaseFirestore */; };
		7355DC832D764564003260C8 /* FirebaseFirestoreCombine-Community in Frameworks */ = {isa = PBXBuildFile; productRef = 7355DC822D764564003260C8 /* FirebaseFirestoreCombine-Community */; };
		7355DC852D764564003260C8 /* FirebaseStorage in Frameworks */ = {isa = PBXBuildFile; productRef = 7355DC842D764564003260C8 /* FirebaseStorage */; };
		7355DC872D764564003260C8 /* FirebaseStorageCombine-Community in Frameworks */ = {isa = PBXBuildFile; productRef = 7355DC862D764564003260C8 /* FirebaseStorageCombine-Community */; };
		736902922D8B953A00ACFF58 /* ImageCell.swift in Sources */ = {isa = PBXBuildFile; fileRef = 736902912D8B953A00ACFF58 /* ImageCell.swift */; };
		7399FB2F2DAE118200E05EEA /* Lora-Italic.ttf in Resources */ = {isa = PBXBuildFile; fileRef = 7399FB262DAE118200E05EEA /* Lora-Italic.ttf */; };
		7399FB302DAE118200E05EEA /* JuliusSansOne-Regular.ttf in Resources */ = {isa = PBXBuildFile; fileRef = 7399FB242DAE118200E05EEA /* JuliusSansOne-Regular.ttf */; };
		7399FB312DAE118200E05EEA /* Lora-Bold.ttf in Resources */ = {isa = PBXBuildFile; fileRef = 7399FB252DAE118200E05EEA /* Lora-Bold.ttf */; };
		7399FB322DAE118200E05EEA /* Lora-SemiBoldItalic.ttf in Resources */ = {isa = PBXBuildFile; fileRef = 7399FB2A2DAE118200E05EEA /* Lora-SemiBoldItalic.ttf */; };
		7399FB332DAE118200E05EEA /* Manjari-Thin.ttf in Resources */ = {isa = PBXBuildFile; fileRef = 7399FB2D2DAE118200E05EEA /* Manjari-Thin.ttf */; };
		7399FB342DAE118200E05EEA /* Lora-SemiBold.ttf in Resources */ = {isa = PBXBuildFile; fileRef = 7399FB292DAE118200E05EEA /* Lora-SemiBold.ttf */; };
		7399FB352DAE118200E05EEA /* Manjari-Bold.ttf in Resources */ = {isa = PBXBuildFile; fileRef = 7399FB2B2DAE118200E05EEA /* Manjari-Bold.ttf */; };
		7399FB362DAE118200E05EEA /* Manjari-Regular.ttf in Resources */ = {isa = PBXBuildFile; fileRef = 7399FB2C2DAE118200E05EEA /* Manjari-Regular.ttf */; };
		7399FB372DAE118200E05EEA /* Lora-Medium.ttf in Resources */ = {isa = PBXBuildFile; fileRef = 7399FB272DAE118200E05EEA /* Lora-Medium.ttf */; };
		7399FB382DAE118200E05EEA /* Lora-Regular.ttf in Resources */ = {isa = PBXBuildFile; fileRef = 7399FB282DAE118200E05EEA /* Lora-Regular.ttf */; };
/* End PBXBuildFile section */

/* Begin PBXFileReference section */
		736902912D8B953A00ACFF58 /* ImageCell.swift */ = {isa = PBXFileReference; lastKnownFileType = sourcecode.swift; path = ImageCell.swift; sourceTree = "<group>"; };
		7399FB242DAE118200E05EEA /* JuliusSansOne-Regular.ttf */ = {isa = PBXFileReference; lastKnownFileType = file; path = "JuliusSansOne-Regular.ttf"; sourceTree = "<group>"; };
		7399FB252DAE118200E05EEA /* Lora-Bold.ttf */ = {isa = PBXFileReference; lastKnownFileType = file; path = "Lora-Bold.ttf"; sourceTree = "<group>"; };
		7399FB262DAE118200E05EEA /* Lora-Italic.ttf */ = {isa = PBXFileReference; lastKnownFileType = file; path = "Lora-Italic.ttf"; sourceTree = "<group>"; };
		7399FB272DAE118200E05EEA /* Lora-Medium.ttf */ = {isa = PBXFileReference; lastKnownFileType = file; path = "Lora-Medium.ttf"; sourceTree = "<group>"; };
		7399FB282DAE118200E05EEA /* Lora-Regular.ttf */ = {isa = PBXFileReference; lastKnownFileType = file; path = "Lora-Regular.ttf"; sourceTree = "<group>"; };
		7399FB292DAE118200E05EEA /* Lora-SemiBold.ttf */ = {isa = PBXFileReference; lastKnownFileType = file; path = "Lora-SemiBold.ttf"; sourceTree = "<group>"; };
		7399FB2A2DAE118200E05EEA /* Lora-SemiBoldItalic.ttf */ = {isa = PBXFileReference; lastKnownFileType = file; path = "Lora-SemiBoldItalic.ttf"; sourceTree = "<group>"; };
		7399FB2B2DAE118200E05EEA /* Manjari-Bold.ttf */ = {isa = PBXFileReference; lastKnownFileType = file; path = "Manjari-Bold.ttf"; sourceTree = "<group>"; };
		7399FB2C2DAE118200E05EEA /* Manjari-Regular.ttf */ = {isa = PBXFileReference; lastKnownFileType = file; path = "Manjari-Regular.ttf"; sourceTree = "<group>"; };
		7399FB2D2DAE118200E05EEA /* Manjari-Thin.ttf */ = {isa = PBXFileReference; lastKnownFileType = file; path = "Manjari-Thin.ttf"; sourceTree = "<group>"; };
		73EDBA652D71021500D1B6E0 /* beanthere.app */ = {isa = PBXFileReference; explicitFileType = wrapper.application; includeInIndex = 0; path = beanthere.app; sourceTree = BUILT_PRODUCTS_DIR; };
/* End PBXFileReference section */

/* Begin PBXFileSystemSynchronizedBuildFileExceptionSet section */
		73EDBA772D71021700D1B6E0 /* Exceptions for "beanthere" folder in "beanthere" target */ = {
			isa = PBXFileSystemSynchronizedBuildFileExceptionSet;
			membershipExceptions = (
				Info.plist,
			);
			target = 73EDBA642D71021500D1B6E0 /* beanthere */;
		};
/* End PBXFileSystemSynchronizedBuildFileExceptionSet section */

/* Begin PBXFileSystemSynchronizedRootGroup section */
		73EDBA672D71021500D1B6E0 /* beanthere */ = {
			isa = PBXFileSystemSynchronizedRootGroup;
			exceptions = (
				73EDBA772D71021700D1B6E0 /* Exceptions for "beanthere" folder in "beanthere" target */,
			);
			path = beanthere;
			sourceTree = "<group>";
		};
/* End PBXFileSystemSynchronizedRootGroup section */

/* Begin PBXFrameworksBuildPhase section */
		73EDBA622D71021500D1B6E0 /* Frameworks */ = {
			isa = PBXFrameworksBuildPhase;
			buildActionMask = 2147483647;
			files = (
				7355DC792D764564003260C8 /* FirebaseAuth in Frameworks */,
				7355DC7D2D764564003260C8 /* FirebaseCore in Frameworks */,
				7355DC872D764564003260C8 /* FirebaseStorageCombine-Community in Frameworks */,
				7355DC7F2D764564003260C8 /* FirebaseDatabase in Frameworks */,
				7355DC832D764564003260C8 /* FirebaseFirestoreCombine-Community in Frameworks */,
				7355DC852D764564003260C8 /* FirebaseStorage in Frameworks */,
				7355DC812D764564003260C8 /* FirebaseFirestore in Frameworks */,
				7355DC7B2D764564003260C8 /* FirebaseAuthCombine-Community in Frameworks */,
			);
			runOnlyForDeploymentPostprocessing = 0;
		};
/* End PBXFrameworksBuildPhase section */

/* Begin PBXGroup section */
		7399FB2E2DAE118200E05EEA /* Fonts */ = {
			isa = PBXGroup;
			children = (
				7399FB242DAE118200E05EEA /* JuliusSansOne-Regular.ttf */,
				7399FB252DAE118200E05EEA /* Lora-Bold.ttf */,
				7399FB262DAE118200E05EEA /* Lora-Italic.ttf */,
				7399FB272DAE118200E05EEA /* Lora-Medium.ttf */,
				7399FB282DAE118200E05EEA /* Lora-Regular.ttf */,
				7399FB292DAE118200E05EEA /* Lora-SemiBold.ttf */,
				7399FB2A2DAE118200E05EEA /* Lora-SemiBoldItalic.ttf */,
				7399FB2B2DAE118200E05EEA /* Manjari-Bold.ttf */,
				7399FB2C2DAE118200E05EEA /* Manjari-Regular.ttf */,
				7399FB2D2DAE118200E05EEA /* Manjari-Thin.ttf */,
			);
			path = Fonts;
			sourceTree = "<group>";
		};
		73EDBA5C2D71021500D1B6E0 = {
			isa = PBXGroup;
			children = (
				7399FB2E2DAE118200E05EEA /* Fonts */,
				736902912D8B953A00ACFF58 /* ImageCell.swift */,
				73EDBA672D71021500D1B6E0 /* beanthere */,
				73EDBA662D71021500D1B6E0 /* Products */,
			);
			sourceTree = "<group>";
		};
		73EDBA662D71021500D1B6E0 /* Products */ = {
			isa = PBXGroup;
			children = (
				73EDBA652D71021500D1B6E0 /* beanthere.app */,
			);
			name = Products;
			sourceTree = "<group>";
		};
/* End PBXGroup section */

/* Begin PBXNativeTarget section */
		73EDBA642D71021500D1B6E0 /* beanthere */ = {
			isa = PBXNativeTarget;
			buildConfigurationList = 73EDBA782D71021700D1B6E0 /* Build configuration list for PBXNativeTarget "beanthere" */;
			buildPhases = (
				73EDBA612D71021500D1B6E0 /* Sources */,
				73EDBA622D71021500D1B6E0 /* Frameworks */,
				73EDBA632D71021500D1B6E0 /* Resources */,
			);
			buildRules = (
			);
			dependencies = (
			);
			fileSystemSynchronizedGroups = (
				73EDBA672D71021500D1B6E0 /* beanthere */,
			);
			name = beanthere;
			packageProductDependencies = (
				7355DC782D764564003260C8 /* FirebaseAuth */,
				7355DC7A2D764564003260C8 /* FirebaseAuthCombine-Community */,
				7355DC7C2D764564003260C8 /* FirebaseCore */,
				7355DC7E2D764564003260C8 /* FirebaseDatabase */,
				7355DC802D764564003260C8 /* FirebaseFirestore */,
				7355DC822D764564003260C8 /* FirebaseFirestoreCombine-Community */,
				7355DC842D764564003260C8 /* FirebaseStorage */,
				7355DC862D764564003260C8 /* FirebaseStorageCombine-Community */,
			);
			productName = beanthere;
			productReference = 73EDBA652D71021500D1B6E0 /* beanthere.app */;
			productType = "com.apple.product-type.application";
		};
/* End PBXNativeTarget section */

/* Begin PBXProject section */
		73EDBA5D2D71021500D1B6E0 /* Project object */ = {
			isa = PBXProject;
			attributes = {
				BuildIndependentTargetsInParallel = 1;
				LastSwiftUpdateCheck = 1620;
				LastUpgradeCheck = 1620;
				TargetAttributes = {
					73EDBA642D71021500D1B6E0 = {
						CreatedOnToolsVersion = 16.2;
					};
				};
			};
			buildConfigurationList = 73EDBA602D71021500D1B6E0 /* Build configuration list for PBXProject "beanthere" */;
			developmentRegion = en;
			hasScannedForEncodings = 0;
			knownRegions = (
				en,
				Base,
			);
			mainGroup = 73EDBA5C2D71021500D1B6E0;
			minimizedProjectReferenceProxies = 1;
			packageReferences = (
				7355DC772D764564003260C8 /* XCRemoteSwiftPackageReference "firebase-ios-sdk" */,
			);
			preferredProjectObjectVersion = 77;
			productRefGroup = 73EDBA662D71021500D1B6E0 /* Products */;
			projectDirPath = "";
			projectRoot = "";
			targets = (
				73EDBA642D71021500D1B6E0 /* beanthere */,
			);
		};
/* End PBXProject section */

/* Begin PBXResourcesBuildPhase section */
		73EDBA632D71021500D1B6E0 /* Resources */ = {
			isa = PBXResourcesBuildPhase;
			buildActionMask = 2147483647;
			files = (
				7399FB2F2DAE118200E05EEA /* Lora-Italic.ttf in Resources */,
				7399FB302DAE118200E05EEA /* JuliusSansOne-Regular.ttf in Resources */,
				7399FB312DAE118200E05EEA /* Lora-Bold.ttf in Resources */,
				7399FB322DAE118200E05EEA /* Lora-SemiBoldItalic.ttf in Resources */,
				7399FB332DAE118200E05EEA /* Manjari-Thin.ttf in Resources */,
				7399FB342DAE118200E05EEA /* Lora-SemiBold.ttf in Resources */,
				7399FB352DAE118200E05EEA /* Manjari-Bold.ttf in Resources */,
				7399FB362DAE118200E05EEA /* Manjari-Regular.ttf in Resources */,
				7399FB372DAE118200E05EEA /* Lora-Medium.ttf in Resources */,
				7399FB382DAE118200E05EEA /* Lora-Regular.ttf in Resources */,
			);
			runOnlyForDeploymentPostprocessing = 0;
		};
/* End PBXResourcesBuildPhase section */

/* Begin PBXSourcesBuildPhase section */
		73EDBA612D71021500D1B6E0 /* Sources */ = {
			isa = PBXSourcesBuildPhase;
			buildActionMask = 2147483647;
			files = (
				736902922D8B953A00ACFF58 /* ImageCell.swift in Sources */,
			);
			runOnlyForDeploymentPostprocessing = 0;
		};
/* End PBXSourcesBuildPhase section */

/* Begin XCBuildConfiguration section */
		73EDBA792D71021700D1B6E0 /* Debug */ = {
			isa = XCBuildConfiguration;
			buildSettings = {
				ASSETCATALOG_COMPILER_APPICON_NAME = AppIcon;
				ASSETCATALOG_COMPILER_GLOBAL_ACCENT_COLOR_NAME = AccentColor;
				ASSETCATALOG_COMPILER_INCLUDE_ALL_APPICON_ASSETS = NO;
				CODE_SIGN_STYLE = Automatic;
				CURRENT_PROJECT_VERSION = 1;
				DEVELOPMENT_TEAM = BLYRA5XG4Y;
				GENERATE_INFOPLIST_FILE = YES;
				INFOPLIST_FILE = beanthere/Info.plist;
				INFOPLIST_KEY_UIApplicationSupportsIndirectInputEvents = YES;
				INFOPLIST_KEY_UILaunchStoryboardName = LaunchScreen;
				INFOPLIST_KEY_UIMainStoryboardFile = Main;
				INFOPLIST_KEY_UISupportedInterfaceOrientations_iPad = "UIInterfaceOrientationPortrait UIInterfaceOrientationPortraitUpsideDown UIInterfaceOrientationLandscapeLeft UIInterfaceOrientationLandscapeRight";
				INFOPLIST_KEY_UISupportedInterfaceOrientations_iPhone = "UIInterfaceOrientationPortrait UIInterfaceOrientationLandscapeLeft UIInterfaceOrientationLandscapeRight";
				LD_RUNPATH_SEARCH_PATHS = (
					"$(inherited)",
					"@executable_path/Frameworks",
				);
				MARKETING_VERSION = 1.0;
				PRODUCT_BUNDLE_IDENTIFIER = iosproject.beanthere;
				PRODUCT_NAME = "$(TARGET_NAME)";
				SWIFT_EMIT_LOC_STRINGS = YES;
				SWIFT_VERSION = 5.0;
				TARGETED_DEVICE_FAMILY = "1,2";
			};
			name = Debug;
		};
		73EDBA7A2D71021700D1B6E0 /* Release */ = {
			isa = XCBuildConfiguration;
			buildSettings = {
				ASSETCATALOG_COMPILER_APPICON_NAME = AppIcon;
				ASSETCATALOG_COMPILER_GLOBAL_ACCENT_COLOR_NAME = AccentColor;
				ASSETCATALOG_COMPILER_INCLUDE_ALL_APPICON_ASSETS = NO;
				CODE_SIGN_STYLE = Automatic;
				CURRENT_PROJECT_VERSION = 1;
				DEVELOPMENT_TEAM = BLYRA5XG4Y;
				GENERATE_INFOPLIST_FILE = YES;
				INFOPLIST_FILE = beanthere/Info.plist;
				INFOPLIST_KEY_UIApplicationSupportsIndirectInputEvents = YES;
				INFOPLIST_KEY_UILaunchStoryboardName = LaunchScreen;
				INFOPLIST_KEY_UIMainStoryboardFile = Main;
				INFOPLIST_KEY_UISupportedInterfaceOrientations_iPad = "UIInterfaceOrientationPortrait UIInterfaceOrientationPortraitUpsideDown UIInterfaceOrientationLandscapeLeft UIInterfaceOrientationLandscapeRight";
				INFOPLIST_KEY_UISupportedInterfaceOrientations_iPhone = "UIInterfaceOrientationPortrait UIInterfaceOrientationLandscapeLeft UIInterfaceOrientationLandscapeRight";
				LD_RUNPATH_SEARCH_PATHS = (
					"$(inherited)",
					"@executable_path/Frameworks",
				);
				MARKETING_VERSION = 1.0;
				PRODUCT_BUNDLE_IDENTIFIER = iosproject.beanthere;
				PRODUCT_NAME = "$(TARGET_NAME)";
				SWIFT_EMIT_LOC_STRINGS = YES;
				SWIFT_VERSION = 5.0;
				TARGETED_DEVICE_FAMILY = "1,2";
			};
			name = Release;
		};
		73EDBA7B2D71021700D1B6E0 /* Debug */ = {
			isa = XCBuildConfiguration;
			buildSettings = {
				ALWAYS_SEARCH_USER_PATHS = NO;
				ASSETCATALOG_COMPILER_GENERATE_SWIFT_ASSET_SYMBOL_EXTENSIONS = YES;
				CLANG_ANALYZER_NONNULL = YES;
				CLANG_ANALYZER_NUMBER_OBJECT_CONVERSION = YES_AGGRESSIVE;
				CLANG_CXX_LANGUAGE_STANDARD = "gnu++20";
				CLANG_ENABLE_MODULES = YES;
				CLANG_ENABLE_OBJC_ARC = YES;
				CLANG_ENABLE_OBJC_WEAK = YES;
				CLANG_WARN_BLOCK_CAPTURE_AUTORELEASING = YES;
				CLANG_WARN_BOOL_CONVERSION = YES;
				CLANG_WARN_COMMA = YES;
				CLANG_WARN_CONSTANT_CONVERSION = YES;
				CLANG_WARN_DEPRECATED_OBJC_IMPLEMENTATIONS = YES;
				CLANG_WARN_DIRECT_OBJC_ISA_USAGE = YES_ERROR;
				CLANG_WARN_DOCUMENTATION_COMMENTS = YES;
				CLANG_WARN_EMPTY_BODY = YES;
				CLANG_WARN_ENUM_CONVERSION = YES;
				CLANG_WARN_INFINITE_RECURSION = YES;
				CLANG_WARN_INT_CONVERSION = YES;
				CLANG_WARN_NON_LITERAL_NULL_CONVERSION = YES;
				CLANG_WARN_OBJC_IMPLICIT_RETAIN_SELF = YES;
				CLANG_WARN_OBJC_LITERAL_CONVERSION = YES;
				CLANG_WARN_OBJC_ROOT_CLASS = YES_ERROR;
				CLANG_WARN_QUOTED_INCLUDE_IN_FRAMEWORK_HEADER = YES;
				CLANG_WARN_RANGE_LOOP_ANALYSIS = YES;
				CLANG_WARN_STRICT_PROTOTYPES = YES;
				CLANG_WARN_SUSPICIOUS_MOVE = YES;
				CLANG_WARN_UNGUARDED_AVAILABILITY = YES_AGGRESSIVE;
				CLANG_WARN_UNREACHABLE_CODE = YES;
				CLANG_WARN__DUPLICATE_METHOD_MATCH = YES;
				COPY_PHASE_STRIP = NO;
				DEBUG_INFORMATION_FORMAT = dwarf;
				ENABLE_STRICT_OBJC_MSGSEND = YES;
				ENABLE_TESTABILITY = YES;
				ENABLE_USER_SCRIPT_SANDBOXING = YES;
				GCC_C_LANGUAGE_STANDARD = gnu17;
				GCC_DYNAMIC_NO_PIC = NO;
				GCC_NO_COMMON_BLOCKS = YES;
				GCC_OPTIMIZATION_LEVEL = 0;
				GCC_PREPROCESSOR_DEFINITIONS = (
					"DEBUG=1",
					"$(inherited)",
				);
				GCC_WARN_64_TO_32_BIT_CONVERSION = YES;
				GCC_WARN_ABOUT_RETURN_TYPE = YES_ERROR;
				GCC_WARN_UNDECLARED_SELECTOR = YES;
				GCC_WARN_UNINITIALIZED_AUTOS = YES_AGGRESSIVE;
				GCC_WARN_UNUSED_FUNCTION = YES;
				GCC_WARN_UNUSED_VARIABLE = YES;
				IPHONEOS_DEPLOYMENT_TARGET = 18.2;
				LOCALIZATION_PREFERS_STRING_CATALOGS = YES;
				MTL_ENABLE_DEBUG_INFO = INCLUDE_SOURCE;
				MTL_FAST_MATH = YES;
				ONLY_ACTIVE_ARCH = YES;
				SDKROOT = iphoneos;
				SWIFT_ACTIVE_COMPILATION_CONDITIONS = "DEBUG $(inherited)";
				SWIFT_OPTIMIZATION_LEVEL = "-Onone";
			};
			name = Debug;
		};
		73EDBA7C2D71021700D1B6E0 /* Release */ = {
			isa = XCBuildConfiguration;
			buildSettings = {
				ALWAYS_SEARCH_USER_PATHS = NO;
				ASSETCATALOG_COMPILER_GENERATE_SWIFT_ASSET_SYMBOL_EXTENSIONS = YES;
				CLANG_ANALYZER_NONNULL = YES;
				CLANG_ANALYZER_NUMBER_OBJECT_CONVERSION = YES_AGGRESSIVE;
				CLANG_CXX_LANGUAGE_STANDARD = "gnu++20";
				CLANG_ENABLE_MODULES = YES;
				CLANG_ENABLE_OBJC_ARC = YES;
				CLANG_ENABLE_OBJC_WEAK = YES;
				CLANG_WARN_BLOCK_CAPTURE_AUTORELEASING = YES;
				CLANG_WARN_BOOL_CONVERSION = YES;
				CLANG_WARN_COMMA = YES;
				CLANG_WARN_CONSTANT_CONVERSION = YES;
				CLANG_WARN_DEPRECATED_OBJC_IMPLEMENTATIONS = YES;
				CLANG_WARN_DIRECT_OBJC_ISA_USAGE = YES_ERROR;
				CLANG_WARN_DOCUMENTATION_COMMENTS = YES;
				CLANG_WARN_EMPTY_BODY = YES;
				CLANG_WARN_ENUM_CONVERSION = YES;
				CLANG_WARN_INFINITE_RECURSION = YES;
				CLANG_WARN_INT_CONVERSION = YES;
				CLANG_WARN_NON_LITERAL_NULL_CONVERSION = YES;
				CLANG_WARN_OBJC_IMPLICIT_RETAIN_SELF = YES;
				CLANG_WARN_OBJC_LITERAL_CONVERSION = YES;
				CLANG_WARN_OBJC_ROOT_CLASS = YES_ERROR;
				CLANG_WARN_QUOTED_INCLUDE_IN_FRAMEWORK_HEADER = YES;
				CLANG_WARN_RANGE_LOOP_ANALYSIS = YES;
				CLANG_WARN_STRICT_PROTOTYPES = YES;
				CLANG_WARN_SUSPICIOUS_MOVE = YES;
				CLANG_WARN_UNGUARDED_AVAILABILITY = YES_AGGRESSIVE;
				CLANG_WARN_UNREACHABLE_CODE = YES;
				CLANG_WARN__DUPLICATE_METHOD_MATCH = YES;
				COPY_PHASE_STRIP = NO;
				DEBUG_INFORMATION_FORMAT = "dwarf-with-dsym";
				ENABLE_NS_ASSERTIONS = NO;
				ENABLE_STRICT_OBJC_MSGSEND = YES;
				ENABLE_USER_SCRIPT_SANDBOXING = YES;
				GCC_C_LANGUAGE_STANDARD = gnu17;
				GCC_NO_COMMON_BLOCKS = YES;
				GCC_WARN_64_TO_32_BIT_CONVERSION = YES;
				GCC_WARN_ABOUT_RETURN_TYPE = YES_ERROR;
				GCC_WARN_UNDECLARED_SELECTOR = YES;
				GCC_WARN_UNINITIALIZED_AUTOS = YES_AGGRESSIVE;
				GCC_WARN_UNUSED_FUNCTION = YES;
				GCC_WARN_UNUSED_VARIABLE = YES;
				IPHONEOS_DEPLOYMENT_TARGET = 18.2;
				LOCALIZATION_PREFERS_STRING_CATALOGS = YES;
				MTL_ENABLE_DEBUG_INFO = NO;
				MTL_FAST_MATH = YES;
				SDKROOT = iphoneos;
				SWIFT_COMPILATION_MODE = wholemodule;
				VALIDATE_PRODUCT = YES;
			};
			name = Release;
		};
/* End XCBuildConfiguration section */

/* Begin XCConfigurationList section */
		73EDBA602D71021500D1B6E0 /* Build configuration list for PBXProject "beanthere" */ = {
			isa = XCConfigurationList;
			buildConfigurations = (
				73EDBA7B2D71021700D1B6E0 /* Debug */,
				73EDBA7C2D71021700D1B6E0 /* Release */,
			);
			defaultConfigurationIsVisible = 0;
			defaultConfigurationName = Release;
		};
		73EDBA782D71021700D1B6E0 /* Build configuration list for PBXNativeTarget "beanthere" */ = {
			isa = XCConfigurationList;
			buildConfigurations = (
				73EDBA792D71021700D1B6E0 /* Debug */,
				73EDBA7A2D71021700D1B6E0 /* Release */,
			);
			defaultConfigurationIsVisible = 0;
			defaultConfigurationName = Release;
		};
/* End XCConfigurationList section */

/* Begin XCRemoteSwiftPackageReference section */
		7355DC772D764564003260C8 /* XCRemoteSwiftPackageReference "firebase-ios-sdk" */ = {
			isa = XCRemoteSwiftPackageReference;
			repositoryURL = "https://github.com/firebase/firebase-ios-sdk";
			requirement = {
				kind = upToNextMajorVersion;
				minimumVersion = 11.9.0;
			};
		};
/* End XCRemoteSwiftPackageReference section */

/* Begin XCSwiftPackageProductDependency section */
		7355DC782D764564003260C8 /* FirebaseAuth */ = {
			isa = XCSwiftPackageProductDependency;
			package = 7355DC772D764564003260C8 /* XCRemoteSwiftPackageReference "firebase-ios-sdk" */;
			productName = FirebaseAuth;
		};
		7355DC7A2D764564003260C8 /* FirebaseAuthCombine-Community */ = {
			isa = XCSwiftPackageProductDependency;
			package = 7355DC772D764564003260C8 /* XCRemoteSwiftPackageReference "firebase-ios-sdk" */;
			productName = "FirebaseAuthCombine-Community";
		};
		7355DC7C2D764564003260C8 /* FirebaseCore */ = {
			isa = XCSwiftPackageProductDependency;
			package = 7355DC772D764564003260C8 /* XCRemoteSwiftPackageReference "firebase-ios-sdk" */;
			productName = FirebaseCore;
		};
		7355DC7E2D764564003260C8 /* FirebaseDatabase */ = {
			isa = XCSwiftPackageProductDependency;
			package = 7355DC772D764564003260C8 /* XCRemoteSwiftPackageReference "firebase-ios-sdk" */;
			productName = FirebaseDatabase;
		};
		7355DC802D764564003260C8 /* FirebaseFirestore */ = {
			isa = XCSwiftPackageProductDependency;
			package = 7355DC772D764564003260C8 /* XCRemoteSwiftPackageReference "firebase-ios-sdk" */;
			productName = FirebaseFirestore;
		};
		7355DC822D764564003260C8 /* FirebaseFirestoreCombine-Community */ = {
			isa = XCSwiftPackageProductDependency;
			package = 7355DC772D764564003260C8 /* XCRemoteSwiftPackageReference "firebase-ios-sdk" */;
			productName = "FirebaseFirestoreCombine-Community";
		};
		7355DC842D764564003260C8 /* FirebaseStorage */ = {
			isa = XCSwiftPackageProductDependency;
			package = 7355DC772D764564003260C8 /* XCRemoteSwiftPackageReference "firebase-ios-sdk" */;
			productName = FirebaseStorage;
		};
		7355DC862D764564003260C8 /* FirebaseStorageCombine-Community */ = {
			isa = XCSwiftPackageProductDependency;
			package = 7355DC772D764564003260C8 /* XCRemoteSwiftPackageReference "firebase-ios-sdk" */;
			productName = "FirebaseStorageCombine-Community";
		};
/* End XCSwiftPackageProductDependency section */
	};
	rootObject = 73EDBA5D2D71021500D1B6E0 /* Project object */;
}
